
Microsoft Visual Studio Solution File, Format Version 12.00
# Visual Studio Version 16
VisualStudioVersion = 16.0.30114.105
MinimumVisualStudioVersion = 10.0.40219.1
Project("{FAE04EC0-301F-11D3-BF4B-00C04F79EFBC}") = "API", "API\API.csproj", "{76CF29F8-3301-41EF-BD0D-EFB8F662C515}"
EndProject
Project("{FAE04EC0-301F-11D3-BF4B-00C04F79EFBC}") = "Application", "Application\Application.csproj", "{78FD93C0-69EB-4FE8-B349-DCA520624A4A}"
EndProject
Project("{FAE04EC0-301F-11D3-BF4B-00C04F79EFBC}") = "Persistence", "Persistence\Persistence.csproj", "{8720E787-D6DF-4121-9FB8-05BAC86D216B}"
EndProject
Project("{FAE04EC0-301F-11D3-BF4B-00C04F79EFBC}") = "Domain", "Domain\Domain.csproj", "{2D6168FB-6C6C-4F95-BD66-90338F531529}"
EndProject
Global
	GlobalSection(SolutionConfigurationPlatforms) = preSolution
		Debug|Any CPU = Debug|Any CPU
		Release|Any CPU = Release|Any CPU
	EndGlobalSection
	GlobalSection(SolutionProperties) = preSolution
		HideSolutionNode = FALSE
	EndGlobalSection
	GlobalSection(ProjectConfigurationPlatforms) = postSolution
		{76CF29F8-3301-41EF-BD0D-EFB8F662C515}.Debug|Any CPU.ActiveCfg = Debug|Any CPU
		{76CF29F8-3301-41EF-BD0D-EFB8F662C515}.Debug|Any CPU.Build.0 = Debug|Any CPU
		{76CF29F8-3301-41EF-BD0D-EFB8F662C515}.Release|Any CPU.ActiveCfg = Release|Any CPU
		{76CF29F8-3301-41EF-BD0D-EFB8F662C515}.Release|Any CPU.Build.0 = Release|Any CPU
		{78FD93C0-69EB-4FE8-B349-DCA520624A4A}.Debug|Any CPU.ActiveCfg = Debug|Any CPU
		{78FD93C0-69EB-4FE8-B349-DCA520624A4A}.Debug|Any CPU.Build.0 = Debug|Any CPU
		{78FD93C0-69EB-4FE8-B349-DCA520624A4A}.Release|Any CPU.ActiveCfg = Release|Any CPU
		{78FD93C0-69EB-4FE8-B349-DCA520624A4A}.Release|Any CPU.Build.0 = Release|Any CPU
		{8720E787-D6DF-4121-9FB8-05BAC86D216B}.Debug|Any CPU.ActiveCfg = Debug|Any CPU
		{8720E787-D6DF-4121-9FB8-05BAC86D216B}.Debug|Any CPU.Build.0 = Debug|Any CPU
		{8720E787-D6DF-4121-9FB8-05BAC86D216B}.Release|Any CPU.ActiveCfg = Release|Any CPU
		{8720E787-D6DF-4121-9FB8-05BAC86D216B}.Release|Any CPU.Build.0 = Release|Any CPU
		{2D6168FB-6C6C-4F95-BD66-90338F531529}.Debug|Any CPU.ActiveCfg = Debug|Any CPU
		{2D6168FB-6C6C-4F95-BD66-90338F531529}.Debug|Any CPU.Build.0 = Debug|Any CPU
		{2D6168FB-6C6C-4F95-BD66-90338F531529}.Release|Any CPU.ActiveCfg = Release|Any CPU
		{2D6168FB-6C6C-4F95-BD66-90338F531529}.Release|Any CPU.Build.0 = Release|Any CPU
	EndGlobalSection
EndGlobal
